
Microsoft Visual Studio Solution File, Format Version 12.00
# Visual Studio 15
VisualStudioVersion = 15.0.27703.2047
MinimumVisualStudioVersion = 10.0.40219.1
Project("{FAE04EC0-301F-11D3-BF4B-00C04F79EFBC}") = "Sting", "Sting\Sting.csproj", "{713FF5B3-19B8-4108-BC07-E9E1249E7595}"
EndProject
Project("{FAE04EC0-301F-11D3-BF4B-00C04F79EFBC}") = "Sting.Controls", "Sting.Controls\Sting.Controls.csproj", "{EF2B2ECD-3848-4960-81E7-2C37C38E6283}"
EndProject
Project("{2150E333-8FDC-42A3-9474-1A3956D46DE8}") = "Benchmark", "Benchmark", "{FB8FB9E0-9A36-483E-ABA8-ADD2315668AB}"
EndProject
Project("{FAE04EC0-301F-11D3-BF4B-00C04F79EFBC}") = "Sting.Benchmark", "Benchmark\Sting.Benchmark\Sting.Benchmark.csproj", "{986C57BB-2BAA-4120-9F48-CD3E66C25FFC}"
EndProject
Project("{2150E333-8FDC-42A3-9474-1A3956D46DE8}") = "UnitTest", "UnitTest", "{CF284B4A-DD48-4839-A7F2-2F4E974BF389}"
EndProject
Project("{FAE04EC0-301F-11D3-BF4B-00C04F79EFBC}") = "Test.Sting", "UnitTest\Test.Sting\Test.Sting.csproj", "{8C6186B3-8CBD-462D-8212-05FD73B197CA}"
EndProject
Global
	GlobalSection(SolutionConfigurationPlatforms) = preSolution
		Azure Debug|Any CPU = Azure Debug|Any CPU
		Azure Debug|x64 = Azure Debug|x64
		Azure Debug|x86 = Azure Debug|x86
		Debug|Any CPU = Debug|Any CPU
		Debug|x64 = Debug|x64
		Debug|x86 = Debug|x86
		Release|Any CPU = Release|Any CPU
		Release|x64 = Release|x64
		Release|x86 = Release|x86
	EndGlobalSection
	GlobalSection(ProjectConfigurationPlatforms) = postSolution
		{713FF5B3-19B8-4108-BC07-E9E1249E7595}.Azure Debug|Any CPU.ActiveCfg = Azure Debug|Any CPU
		{713FF5B3-19B8-4108-BC07-E9E1249E7595}.Azure Debug|Any CPU.Build.0 = Azure Debug|Any CPU
		{713FF5B3-19B8-4108-BC07-E9E1249E7595}.Azure Debug|x64.ActiveCfg = Azure Debug|x64
		{713FF5B3-19B8-4108-BC07-E9E1249E7595}.Azure Debug|x64.Build.0 = Azure Debug|x64
		{713FF5B3-19B8-4108-BC07-E9E1249E7595}.Azure Debug|x86.ActiveCfg = Azure Debug|x86
		{713FF5B3-19B8-4108-BC07-E9E1249E7595}.Azure Debug|x86.Build.0 = Azure Debug|x86
		{713FF5B3-19B8-4108-BC07-E9E1249E7595}.Debug|Any CPU.ActiveCfg = Debug|Any CPU
		{713FF5B3-19B8-4108-BC07-E9E1249E7595}.Debug|Any CPU.Build.0 = Debug|Any CPU
		{713FF5B3-19B8-4108-BC07-E9E1249E7595}.Debug|x64.ActiveCfg = Debug|x64
		{713FF5B3-19B8-4108-BC07-E9E1249E7595}.Debug|x64.Build.0 = Debug|x64
		{713FF5B3-19B8-4108-BC07-E9E1249E7595}.Debug|x86.ActiveCfg = Debug|x86
		{713FF5B3-19B8-4108-BC07-E9E1249E7595}.Debug|x86.Build.0 = Debug|x86
		{713FF5B3-19B8-4108-BC07-E9E1249E7595}.Release|Any CPU.ActiveCfg = Release|Any CPU
		{713FF5B3-19B8-4108-BC07-E9E1249E7595}.Release|Any CPU.Build.0 = Release|Any CPU
		{713FF5B3-19B8-4108-BC07-E9E1249E7595}.Release|x64.ActiveCfg = Release|x64
		{713FF5B3-19B8-4108-BC07-E9E1249E7595}.Release|x64.Build.0 = Release|x64
		{713FF5B3-19B8-4108-BC07-E9E1249E7595}.Release|x86.ActiveCfg = Release|x86
		{713FF5B3-19B8-4108-BC07-E9E1249E7595}.Release|x86.Build.0 = Release|x86
		{EF2B2ECD-3848-4960-81E7-2C37C38E6283}.Azure Debug|Any CPU.ActiveCfg = Azure Debug|Any CPU
		{EF2B2ECD-3848-4960-81E7-2C37C38E6283}.Azure Debug|Any CPU.Build.0 = Azure Debug|Any CPU
		{EF2B2ECD-3848-4960-81E7-2C37C38E6283}.Azure Debug|x64.ActiveCfg = Azure Debug|x64
		{EF2B2ECD-3848-4960-81E7-2C37C38E6283}.Azure Debug|x64.Build.0 = Azure Debug|x64
		{EF2B2ECD-3848-4960-81E7-2C37C38E6283}.Azure Debug|x86.ActiveCfg = Azure Debug|x86
		{EF2B2ECD-3848-4960-81E7-2C37C38E6283}.Azure Debug|x86.Build.0 = Azure Debug|x86
		{EF2B2ECD-3848-4960-81E7-2C37C38E6283}.Debug|Any CPU.ActiveCfg = Debug|Any CPU
		{EF2B2ECD-3848-4960-81E7-2C37C38E6283}.Debug|Any CPU.Build.0 = Debug|Any CPU
		{EF2B2ECD-3848-4960-81E7-2C37C38E6283}.Debug|x64.ActiveCfg = Debug|x64
		{EF2B2ECD-3848-4960-81E7-2C37C38E6283}.Debug|x64.Build.0 = Debug|x64
		{EF2B2ECD-3848-4960-81E7-2C37C38E6283}.Debug|x86.ActiveCfg = Debug|x86
		{EF2B2ECD-3848-4960-81E7-2C37C38E6283}.Debug|x86.Build.0 = Debug|x86
		{EF2B2ECD-3848-4960-81E7-2C37C38E6283}.Release|Any CPU.ActiveCfg = Release|Any CPU
		{EF2B2ECD-3848-4960-81E7-2C37C38E6283}.Release|Any CPU.Build.0 = Release|Any CPU
		{EF2B2ECD-3848-4960-81E7-2C37C38E6283}.Release|x64.ActiveCfg = Release|x64
		{EF2B2ECD-3848-4960-81E7-2C37C38E6283}.Release|x64.Build.0 = Release|x64
		{EF2B2ECD-3848-4960-81E7-2C37C38E6283}.Release|x86.ActiveCfg = Release|x86
		{EF2B2ECD-3848-4960-81E7-2C37C38E6283}.Release|x86.Build.0 = Release|x86
		{986C57BB-2BAA-4120-9F48-CD3E66C25FFC}.Azure Debug|Any CPU.ActiveCfg = Debug|Any CPU
		{986C57BB-2BAA-4120-9F48-CD3E66C25FFC}.Azure Debug|Any CPU.Build.0 = Debug|Any CPU
		{986C57BB-2BAA-4120-9F48-CD3E66C25FFC}.Azure Debug|x64.ActiveCfg = Debug|x64
		{986C57BB-2BAA-4120-9F48-CD3E66C25FFC}.Azure Debug|x64.Build.0 = Debug|x64
		{986C57BB-2BAA-4120-9F48-CD3E66C25FFC}.Azure Debug|x86.ActiveCfg = Debug|x86
		{986C57BB-2BAA-4120-9F48-CD3E66C25FFC}.Azure Debug|x86.Build.0 = Debug|x86
		{986C57BB-2BAA-4120-9F48-CD3E66C25FFC}.Debug|Any CPU.ActiveCfg = Debug|Any CPU
		{986C57BB-2BAA-4120-9F48-CD3E66C25FFC}.Debug|Any CPU.Build.0 = Debug|Any CPU
		{986C57BB-2BAA-4120-9F48-CD3E66C25FFC}.Debug|x64.ActiveCfg = Debug|x64
		{986C57BB-2BAA-4120-9F48-CD3E66C25FFC}.Debug|x64.Build.0 = Debug|x64
		{986C57BB-2BAA-4120-9F48-CD3E66C25FFC}.Debug|x86.ActiveCfg = Debug|x86
		{986C57BB-2BAA-4120-9F48-CD3E66C25FFC}.Debug|x86.Build.0 = Debug|x86
		{986C57BB-2BAA-4120-9F48-CD3E66C25FFC}.Release|Any CPU.ActiveCfg = Release|Any CPU
		{986C57BB-2BAA-4120-9F48-CD3E66C25FFC}.Release|Any CPU.Build.0 = Release|Any CPU
		{986C57BB-2BAA-4120-9F48-CD3E66C25FFC}.Release|x64.ActiveCfg = Release|x64
		{986C57BB-2BAA-4120-9F48-CD3E66C25FFC}.Release|x64.Build.0 = Release|x64
		{986C57BB-2BAA-4120-9F48-CD3E66C25FFC}.Release|x86.ActiveCfg = Release|x86
		{986C57BB-2BAA-4120-9F48-CD3E66C25FFC}.Release|x86.Build.0 = Release|x86
		{8C6186B3-8CBD-462D-8212-05FD73B197CA}.Azure Debug|Any CPU.ActiveCfg = Debug|Any CPU
		{8C6186B3-8CBD-462D-8212-05FD73B197CA}.Azure Debug|Any CPU.Build.0 = Debug|Any CPU
		{8C6186B3-8CBD-462D-8212-05FD73B197CA}.Azure Debug|x64.ActiveCfg = Debug|x64
		{8C6186B3-8CBD-462D-8212-05FD73B197CA}.Azure Debug|x64.Build.0 = Debug|x64
		{8C6186B3-8CBD-462D-8212-05FD73B197CA}.Azure Debug|x86.ActiveCfg = Debug|x86
		{8C6186B3-8CBD-462D-8212-05FD73B197CA}.Azure Debug|x86.Build.0 = Debug|x86
		{8C6186B3-8CBD-462D-8212-05FD73B197CA}.Debug|Any CPU.ActiveCfg = Debug|Any CPU
		{8C6186B3-8CBD-462D-8212-05FD73B197CA}.Debug|Any CPU.Build.0 = Debug|Any CPU
		{8C6186B3-8CBD-462D-8212-05FD73B197CA}.Debug|x64.ActiveCfg = Debug|x64
		{8C6186B3-8CBD-462D-8212-05FD73B197CA}.Debug|x64.Build.0 = Debug|x64
		{8C6186B3-8CBD-462D-8212-05FD73B197CA}.Debug|x86.ActiveCfg = Debug|x86
		{8C6186B3-8CBD-462D-8212-05FD73B197CA}.Debug|x86.Build.0 = Debug|x86
		{8C6186B3-8CBD-462D-8212-05FD73B197CA}.Release|Any CPU.ActiveCfg = Release|Any CPU
		{8C6186B3-8CBD-462D-8212-05FD73B197CA}.Release|Any CPU.Build.0 = Release|Any CPU
		{8C6186B3-8CBD-462D-8212-05FD73B197CA}.Release|x64.ActiveCfg = Release|x64
		{8C6186B3-8CBD-462D-8212-05FD73B197CA}.Release|x64.Build.0 = Release|x64
		{8C6186B3-8CBD-462D-8212-05FD73B197CA}.Release|x86.ActiveCfg = Release|x86
		{8C6186B3-8CBD-462D-8212-05FD73B197CA}.Release|x86.Build.0 = Release|x86
	EndGlobalSection
	GlobalSection(SolutionProperties) = preSolution
		HideSolutionNode = FALSE
	EndGlobalSection
	GlobalSection(NestedProjects) = preSolution
		{986C57BB-2BAA-4120-9F48-CD3E66C25FFC} = {FB8FB9E0-9A36-483E-ABA8-ADD2315668AB}
		{8C6186B3-8CBD-462D-8212-05FD73B197CA} = {CF284B4A-DD48-4839-A7F2-2F4E974BF389}
	EndGlobalSection
	GlobalSection(ExtensibilityGlobals) = postSolution
		SolutionGuid = {447689B2-6275-45D3-9965-C7D02AB4C729}
	EndGlobalSection
EndGlobal
